
Microsoft Visual Studio Solution File, Format Version 12.00
# Visual Studio Version 17
VisualStudioVersion = 17.14.36212.18
MinimumVisualStudioVersion = 10.0.40219.1
Project("{2150E333-8FDC-42A3-9474-1A3956D46DE8}") = "src", "src", "{02EA681E-C7D8-13C7-8484-4AC65E1B71E8}"
EndProject
Project("{2150E333-8FDC-42A3-9474-1A3956D46DE8}") = "Solution Items", "Solution Items", "{8EC462FD-D22E-90A8-E5CE-7E832BA40C5D}"
	ProjectSection(SolutionItems) = preProject
		.gitignore = .gitignore
		Directory.Build.props = Directory.Build.props
		Directory.Packages.props = Directory.Packages.props
		README.md = README.md
	EndProjectSection
EndProject
Project("{2150E333-8FDC-42A3-9474-1A3956D46DE8}") = "docs", "docs", "{E33B343F-B726-457A-BBBC-A28F1F042D11}"
EndProject
Project("{2150E333-8FDC-42A3-9474-1A3956D46DE8}") = "images", "images", "{89B27DBC-1DCB-459B-953D-9B0FEF258C7B}"
	ProjectSection(SolutionItems) = preProject
		docs\images\A.txt = docs\images\A.txt
	EndProjectSection
EndProject
Project("{FAE04EC0-301F-11D3-BF4B-00C04F79EFBC}") = "GameStore.Api", "src\GameStore.Api\GameStore.Api.csproj", "{377DC049-B201-4D4B-A753-815404BDB097}"
EndProject
Project("{2150E333-8FDC-42A3-9474-1A3956D46DE8}") = "tests", "tests", "{78827222-323A-48DF-8B4D-5645695C60BE}"
EndProject
Project("{FAE04EC0-301F-11D3-BF4B-00C04F79EFBC}") = "GameStore.Api.UnitTests", "tests\GameStore.Api.UnitTests\GameStore.Api.UnitTests.csproj", "{FFED572D-B1FA-4F98-BA53-86D6EC4708A9}"
EndProject
Project("{FAE04EC0-301F-11D3-BF4B-00C04F79EFBC}") = "GameStore.Web", "src\GameStore.Web\GameStore.Web.csproj", "{9B706FB7-144F-4866-887C-A8C5F0EAD14A}"
EndProject
Global
	GlobalSection(SolutionConfigurationPlatforms) = preSolution
		Debug|Any CPU = Debug|Any CPU
		Release|Any CPU = Release|Any CPU
	EndGlobalSection
	GlobalSection(ProjectConfigurationPlatforms) = postSolution
		{377DC049-B201-4D4B-A753-815404BDB097}.Debug|Any CPU.ActiveCfg = Debug|Any CPU
		{377DC049-B201-4D4B-A753-815404BDB097}.Debug|Any CPU.Build.0 = Debug|Any CPU
		{377DC049-B201-4D4B-A753-815404BDB097}.Release|Any CPU.ActiveCfg = Release|Any CPU
		{377DC049-B201-4D4B-A753-815404BDB097}.Release|Any CPU.Build.0 = Release|Any CPU
		{FFED572D-B1FA-4F98-BA53-86D6EC4708A9}.Debug|Any CPU.ActiveCfg = Debug|Any CPU
		{FFED572D-B1FA-4F98-BA53-86D6EC4708A9}.Debug|Any CPU.Build.0 = Debug|Any CPU
		{FFED572D-B1FA-4F98-BA53-86D6EC4708A9}.Release|Any CPU.ActiveCfg = Release|Any CPU
		{FFED572D-B1FA-4F98-BA53-86D6EC4708A9}.Release|Any CPU.Build.0 = Release|Any CPU
		{9B706FB7-144F-4866-887C-A8C5F0EAD14A}.Debug|Any CPU.ActiveCfg = Debug|Any CPU
		{9B706FB7-144F-4866-887C-A8C5F0EAD14A}.Debug|Any CPU.Build.0 = Debug|Any CPU
		{9B706FB7-144F-4866-887C-A8C5F0EAD14A}.Release|Any CPU.ActiveCfg = Release|Any CPU
		{9B706FB7-144F-4866-887C-A8C5F0EAD14A}.Release|Any CPU.Build.0 = Release|Any CPU
	EndGlobalSection
	GlobalSection(SolutionProperties) = preSolution
		HideSolutionNode = FALSE
	EndGlobalSection
	GlobalSection(NestedProjects) = preSolution
		{89B27DBC-1DCB-459B-953D-9B0FEF258C7B} = {E33B343F-B726-457A-BBBC-A28F1F042D11}
		{377DC049-B201-4D4B-A753-815404BDB097} = {02EA681E-C7D8-13C7-8484-4AC65E1B71E8}
		{FFED572D-B1FA-4F98-BA53-86D6EC4708A9} = {78827222-323A-48DF-8B4D-5645695C60BE}
		{9B706FB7-144F-4866-887C-A8C5F0EAD14A} = {02EA681E-C7D8-13C7-8484-4AC65E1B71E8}
	EndGlobalSection
	GlobalSection(ExtensibilityGlobals) = postSolution
		SolutionGuid = {38E5BABC-13DE-4F2F-BE56-739109284FE2}
	EndGlobalSection
EndGlobal
